PODS:
  - SWToolbox (1.0.0):
    - SWToolbox/CoreData (= 1.0.0)
    - SWToolbox/Helper (= 1.0.0)
  - SWToolbox/CoreData (1.0.0):
    - SWToolbox/CoreData/Test (= 1.0.0)
  - SWToolbox/CoreData/Test (1.0.0)
  - SWToolbox/Helper (1.0.0)

DEPENDENCIES:
  - SWToolbox (from `../`)

EXTERNAL SOURCES:
  SWToolbox:
    :path: ../

SPEC CHECKSUMS:
  SWToolbox: 14058c50bb055e9d52526f141e649ef0e9fa1c78

COCOAPODS: 0.36.0.beta.2
